// !$*UTF8*$!
{
	archiveVersion = 1;
	classes = {
	};
	objectVersion = 46;
	objects = {

/* Begin PBXBuildFile section */
		3E0D71A815D74D590042C074 /* UIKit.framework in Frameworks */ = {isa = PBXBuildFile; fileRef = 3E0D71A715D74D590042C074 /* UIKit.framework */; };
		3E0D71AA15D74D590042C074 /* Foundation.framework in Frameworks */ = {isa = PBXBuildFile; fileRef = 3E0D71A915D74D590042C074 /* Foundation.framework */; };
		3E0D71AC15D74D590042C074 /* CoreGraphics.framework in Frameworks */ = {isa = PBXBuildFile; fileRef = 3E0D71AB15D74D590042C074 /* CoreGraphics.framework */; };
		3E0D71AE15D74D590042C074 /* CoreData.framework in Frameworks */ = {isa = PBXBuildFile; fileRef = 3E0D71AD15D74D590042C074 /* CoreData.framework */; };
		3E0D71B415D74D590042C074 /* InfoPlist.strings in Resources */ = {isa = PBXBuildFile; fileRef = 3E0D71B215D74D590042C074 /* InfoPlist.strings */; };
		3E0D71B615D74D590042C074 /* main.m in Sources */ = {isa = PBXBuildFile; fileRef = 3E0D71B515D74D590042C074 /* main.m */; };
		3E0D71BA15D74D590042C074 /* AppDelegate.m in Sources */ = {isa = PBXBuildFile; fileRef = 3E0D71B915D74D590042C074 /* AppDelegate.m */; };
		3E0D71BD15D74D590042C074 /* listenr.xcdatamodeld in Sources */ = {isa = PBXBuildFile; fileRef = 3E0D71BB15D74D590042C074 /* listenr.xcdatamodeld */; };
		3E58FB0C15D7500900833D98 /* HomeVC.m in Sources */ = {isa = PBXBuildFile; fileRef = 3E58FB0B15D7500900833D98 /* HomeVC.m */; };
		3E58FB1015D7501900833D98 /* Theme.m in Sources */ = {isa = PBXBuildFile; fileRef = 3E58FB0F15D7501900833D98 /* Theme.m */; };
		3E5C467315D8A48E00D540BF /* NSManagedObjectContext+Additions.h in Headers */ = {isa = PBXBuildFile; fileRef = 3E5C467115D8A48E00D540BF /* NSManagedObjectContext+Additions.h */; };
		3E5C467415D8A48E00D540BF /* NSManagedObjectContext+Additions.m in Sources */ = {isa = PBXBuildFile; fileRef = 3E5C467215D8A48E00D540BF /* NSManagedObjectContext+Additions.m */; };
		3E5C467715D8A70500D540BF /* Blog.h in Headers */ = {isa = PBXBuildFile; fileRef = 3E5C467515D8A70500D540BF /* Blog.h */; };
		3E5C467815D8A70500D540BF /* Blog.m in Sources */ = {isa = PBXBuildFile; fileRef = 3E5C467615D8A70500D540BF /* Blog.m */; };
		3E5FD1A515D8E3770072A3B4 /* AddBlogVC.h in Headers */ = {isa = PBXBuildFile; fileRef = 3E5FD1A415D8E3770072A3B4 /* AddBlogVC.h */; };
		3E5FD1A815D8E48F0072A3B4 /* SongsVC.h in Headers */ = {isa = PBXBuildFile; fileRef = 3E5FD1A615D8E48F0072A3B4 /* SongsVC.h */; };
		3E5FD1A915D8E48F0072A3B4 /* SongsVC.m in Sources */ = {isa = PBXBuildFile; fileRef = 3E5FD1A715D8E48F0072A3B4 /* SongsVC.m */; };
		3E5FD1AC15D8E8C10072A3B4 /* Song.h in Headers */ = {isa = PBXBuildFile; fileRef = 3E5FD1AA15D8E8C10072A3B4 /* Song.h */; };
		3E5FD1AD15D8E8C10072A3B4 /* Song.m in Sources */ = {isa = PBXBuildFile; fileRef = 3E5FD1AB15D8E8C10072A3B4 /* Song.m */; };
		3EB39E3C15D764B0003E538C /* UIColor+Additions.m in Sources */ = {isa = PBXBuildFile; fileRef = 3EB39E3915D764B0003E538C /* UIColor+Additions.m */; };
		3EB39E4715D76B12003E538C /* Secrets.h in Headers */ = {isa = PBXBuildFile; fileRef = 3EB39E4415D7693E003E538C /* Secrets.h */; settings = {ATTRIBUTES = (Private, ); }; };
		3EB39E4915D76C37003E538C /* TumblrAPI.m in Sources */ = {isa = PBXBuildFile; fileRef = 3EB39E4115D76918003E538C /* TumblrAPI.m */; };
		3EB39E5515D784A7003E538C /* default_avatar.png in Resources */ = {isa = PBXBuildFile; fileRef = 3EB39E5315D784A7003E538C /* default_avatar.png */; };
		3EB39E5615D784A7003E538C /* default_avatar@2x.png in Resources */ = {isa = PBXBuildFile; fileRef = 3EB39E5415D784A7003E538C /* default_avatar@2x.png */; };
		3EB39EBA15D86DF9003E538C /* AddBlogVC.m in Sources */ = {isa = PBXBuildFile; fileRef = 3EB39EB815D86DF9003E538C /* AddBlogVC.m */; };
		6FE7421D4C3C4EE0ACD22495 /* libPods.a in Frameworks */ = {isa = PBXBuildFile; fileRef = 1E46D6D6B5EA46B5A043E07E /* libPods.a */; };
/* End PBXBuildFile section */

/* Begin PBXFileReference section */
		044DDE39870643FE94D30791 /* Pods.xcconfig */ = {isa = PBXFileReference; includeInIndex = 1; lastKnownFileType = text.xcconfig; name = Pods.xcconfig; path = Pods/Pods.xcconfig; sourceTree = SOURCE_ROOT; };
		1E46D6D6B5EA46B5A043E07E /* libPods.a */ = {isa = PBXFileReference; explicitFileType = archive.ar; includeInIndex = 0; path = libPods.a; sourceTree = BUILT_PRODUCTS_DIR; };
		3E0D71A315D74D590042C074 /* listenr.app */ = {isa = PBXFileReference; explicitFileType = wrapper.application; includeInIndex = 0; path = listenr.app; sourceTree = BUILT_PRODUCTS_DIR; };
		3E0D71A715D74D590042C074 /* UIKit.framework */ = {isa = PBXFileReference; includeInIndex = 1; lastKnownFileType = wrapper.framework; name = UIKit.framework; path = System/Library/Frameworks/UIKit.framework; sourceTree = SDKROOT; };
		3E0D71A915D74D590042C074 /* Foundation.framework */ = {isa = PBXFileReference; includeInIndex = 1; lastKnownFileType = wrapper.framework; name = Foundation.framework; path = System/Library/Frameworks/Foundation.framework; sourceTree = SDKROOT; };
		3E0D71AB15D74D590042C074 /* CoreGraphics.framework */ = {isa = PBXFileReference; includeInIndex = 1; lastKnownFileType = wrapper.framework; name = CoreGraphics.framework; path = System/Library/Frameworks/CoreGraphics.framework; sourceTree = SDKROOT; };
		3E0D71AD15D74D590042C074 /* CoreData.framework */ = {isa = PBXFileReference; includeInIndex = 1; lastKnownFileType = wrapper.framework; name = CoreData.framework; path = System/Library/Frameworks/CoreData.framework; sourceTree = SDKROOT; };
		3E0D71B115D74D590042C074 /* listenr-Info.plist */ = {isa = PBXFileReference; lastKnownFileType = text.plist.xml; path = "listenr-Info.plist"; sourceTree = "<group>"; };
		3E0D71B315D74D590042C074 /* en */ = {isa = PBXFileReference; lastKnownFileType = text.plist.strings; name = en; path = en.lproj/InfoPlist.strings; sourceTree = "<group>"; };
		3E0D71B515D74D590042C074 /* main.m */ = {isa = PBXFileReference; lastKnownFileType = sourcecode.c.objc; path = main.m; sourceTree = "<group>"; };
		3E0D71B715D74D590042C074 /* listenr-Prefix.pch */ = {isa = PBXFileReference; lastKnownFileType = sourcecode.c.h; path = "listenr-Prefix.pch"; sourceTree = "<group>"; };
		3E0D71B815D74D590042C074 /* AppDelegate.h */ = {isa = PBXFileReference; lastKnownFileType = sourcecode.c.h; path = AppDelegate.h; sourceTree = "<group>"; };
		3E0D71B915D74D590042C074 /* AppDelegate.m */ = {isa = PBXFileReference; lastKnownFileType = sourcecode.c.objc; path = AppDelegate.m; sourceTree = "<group>"; };
		3E0D71BC15D74D590042C074 /* listenr.xcdatamodel */ = {isa = PBXFileReference; lastKnownFileType = wrapper.xcdatamodel; path = listenr.xcdatamodel; sourceTree = "<group>"; };
		3E58FB0A15D7500900833D98 /* HomeVC.h */ = {isa = PBXFileReference; fileEncoding = 4; lastKnownFileType = sourcecode.c.h; path = HomeVC.h; sourceTree = "<group>"; };
		3E58FB0B15D7500900833D98 /* HomeVC.m */ = {isa = PBXFileReference; fileEncoding = 4; lastKnownFileType = sourcecode.c.objc; path = HomeVC.m; sourceTree = "<group>"; };
		3E58FB0E15D7501900833D98 /* Theme.h */ = {isa = PBXFileReference; fileEncoding = 4; lastKnownFileType = sourcecode.c.h; path = Theme.h; sourceTree = "<group>"; };
		3E58FB0F15D7501900833D98 /* Theme.m */ = {isa = PBXFileReference; fileEncoding = 4; lastKnownFileType = sourcecode.c.objc; path = Theme.m; sourceTree = "<group>"; };
		3E5C467115D8A48E00D540BF /* NSManagedObjectContext+Additions.h */ = {isa = PBXFileReference; fileEncoding = 4; lastKnownFileType = sourcecode.c.h; path = "NSManagedObjectContext+Additions.h"; sourceTree = "<group>"; };
		3E5C467215D8A48E00D540BF /* NSManagedObjectContext+Additions.m */ = {isa = PBXFileReference; fileEncoding = 4; lastKnownFileType = sourcecode.c.objc; path = "NSManagedObjectContext+Additions.m"; sourceTree = "<group>"; };
		3E5C467515D8A70500D540BF /* Blog.h */ = {isa = PBXFileReference; fileEncoding = 4; lastKnownFileType = sourcecode.c.h; path = Blog.h; sourceTree = "<group>"; };
		3E5C467615D8A70500D540BF /* Blog.m */ = {isa = PBXFileReference; fileEncoding = 4; lastKnownFileType = sourcecode.c.objc; path = Blog.m; sourceTree = "<group>"; };
		3E5FD1A415D8E3770072A3B4 /* AddBlogVC.h */ = {isa = PBXFileReference; fileEncoding = 4; lastKnownFileType = sourcecode.c.h; path = AddBlogVC.h; sourceTree = "<group>"; };
		3E5FD1A615D8E48F0072A3B4 /* SongsVC.h */ = {isa = PBXFileReference; fileEncoding = 4; lastKnownFileType = sourcecode.c.h; path = SongsVC.h; sourceTree = "<group>"; };
		3E5FD1A715D8E48F0072A3B4 /* SongsVC.m */ = {isa = PBXFileReference; fileEncoding = 4; lastKnownFileType = sourcecode.c.objc; path = SongsVC.m; sourceTree = "<group>"; };
		3E5FD1AA15D8E8C10072A3B4 /* Song.h */ = {isa = PBXFileReference; fileEncoding = 4; lastKnownFileType = sourcecode.c.h; path = Song.h; sourceTree = "<group>"; };
		3E5FD1AB15D8E8C10072A3B4 /* Song.m */ = {isa = PBXFileReference; fileEncoding = 4; lastKnownFileType = sourcecode.c.objc; path = Song.m; sourceTree = "<group>"; };
		3EB39E3815D764B0003E538C /* UIColor+Additions.h */ = {isa = PBXFileReference; fileEncoding = 4; lastKnownFileType = sourcecode.c.h; path = "UIColor+Additions.h"; sourceTree = "<group>"; };
		3EB39E3915D764B0003E538C /* UIColor+Additions.m */ = {isa = PBXFileReference; fileEncoding = 4; lastKnownFileType = sourcecode.c.objc; path = "UIColor+Additions.m"; sourceTree = "<group>"; };
		3EB39E4015D76918003E538C /* TumblrAPI.h */ = {isa = PBXFileReference; lastKnownFileType = sourcecode.c.h; path = TumblrAPI.h; sourceTree = "<group>"; };
		3EB39E4115D76918003E538C /* TumblrAPI.m */ = {isa = PBXFileReference; lastKnownFileType = sourcecode.c.objc; path = TumblrAPI.m; sourceTree = "<group>"; };
		3EB39E4415D7693E003E538C /* Secrets.h */ = {isa = PBXFileReference; lastKnownFileType = sourcecode.c.h; path = Secrets.h; sourceTree = "<group>"; };
		3EB39E5315D784A7003E538C /* default_avatar.png */ = {isa = PBXFileReference; lastKnownFileType = image.png; path = default_avatar.png; sourceTree = "<group>"; };
		3EB39E5415D784A7003E538C /* default_avatar@2x.png */ = {isa = PBXFileReference; lastKnownFileType = image.png; path = "default_avatar@2x.png"; sourceTree = "<group>"; };
		3EB39EB815D86DF9003E538C /* AddBlogVC.m */ = {isa = PBXFileReference; fileEncoding = 4; lastKnownFileType = sourcecode.c.objc; path = AddBlogVC.m; sourceTree = "<group>"; };
/* End PBXFileReference section */

/* Begin PBXFrameworksBuildPhase section */
		3E0D71A015D74D590042C074 /* Frameworks */ = {
			isa = PBXFrameworksBuildPhase;
			buildActionMask = 2147483647;
			files = (
				3E0D71A815D74D590042C074 /* UIKit.framework in Frameworks */,
				3E0D71AA15D74D590042C074 /* Foundation.framework in Frameworks */,
				3E0D71AC15D74D590042C074 /* CoreGraphics.framework in Frameworks */,
				3E0D71AE15D74D590042C074 /* CoreData.framework in Frameworks */,
				6FE7421D4C3C4EE0ACD22495 /* libPods.a in Frameworks */,
			);
			runOnlyForDeploymentPostprocessing = 0;
		};
/* End PBXFrameworksBuildPhase section */

/* Begin PBXGroup section */
		3E0D719815D74D590042C074 = {
			isa = PBXGroup;
			children = (
				3E0D71AF15D74D590042C074 /* listenr */,
				3E0D71A615D74D590042C074 /* Frameworks */,
				3E0D71A415D74D590042C074 /* Products */,
				044DDE39870643FE94D30791 /* Pods.xcconfig */,
			);
			sourceTree = "<group>";
		};
		3E0D71A415D74D590042C074 /* Products */ = {
			isa = PBXGroup;
			children = (
				3E0D71A315D74D590042C074 /* listenr.app */,
			);
			name = Products;
			sourceTree = "<group>";
		};
		3E0D71A615D74D590042C074 /* Frameworks */ = {
			isa = PBXGroup;
			children = (
				3E0D71A715D74D590042C074 /* UIKit.framework */,
				3E0D71A915D74D590042C074 /* Foundation.framework */,
				3E0D71AB15D74D590042C074 /* CoreGraphics.framework */,
				3E0D71AD15D74D590042C074 /* CoreData.framework */,
				1E46D6D6B5EA46B5A043E07E /* libPods.a */,
			);
			name = Frameworks;
			sourceTree = "<group>";
		};
		3E0D71AF15D74D590042C074 /* listenr */ = {
			isa = PBXGroup;
			children = (
				3EB39E5115D78461003E538C /* resources */,
				3E5C466F15D89F1A00D540BF /* models */,
				3E58FB1415D7550D00833D98 /* categories */,
				3EB39E4415D7693E003E538C /* Secrets.h */,
				3E0D71B815D74D590042C074 /* AppDelegate.h */,
				3E0D71B915D74D590042C074 /* AppDelegate.m */,
				3E58FB0A15D7500900833D98 /* HomeVC.h */,
				3E58FB0B15D7500900833D98 /* HomeVC.m */,
				3E5FD1A415D8E3770072A3B4 /* AddBlogVC.h */,
				3EB39EB815D86DF9003E538C /* AddBlogVC.m */,
				3E5FD1A615D8E48F0072A3B4 /* SongsVC.h */,
				3E5FD1A715D8E48F0072A3B4 /* SongsVC.m */,
				3E58FB0E15D7501900833D98 /* Theme.h */,
				3E58FB0F15D7501900833D98 /* Theme.m */,
				3E0D71B015D74D590042C074 /* Supporting Files */,
			);
			path = listenr;
			sourceTree = "<group>";
		};
		3E0D71B015D74D590042C074 /* Supporting Files */ = {
			isa = PBXGroup;
			children = (
				3E0D71B115D74D590042C074 /* listenr-Info.plist */,
				3E0D71B215D74D590042C074 /* InfoPlist.strings */,
				3E0D71B515D74D590042C074 /* main.m */,
				3E0D71B715D74D590042C074 /* listenr-Prefix.pch */,
			);
			name = "Supporting Files";
			sourceTree = "<group>";
		};
		3E58FB1415D7550D00833D98 /* categories */ = {
			isa = PBXGroup;
			children = (
				3EB39E3815D764B0003E538C /* UIColor+Additions.h */,
				3EB39E3915D764B0003E538C /* UIColor+Additions.m */,
				3E5C467115D8A48E00D540BF /* NSManagedObjectContext+Additions.h */,
				3E5C467215D8A48E00D540BF /* NSManagedObjectContext+Additions.m */,
			);
			name = categories;
			sourceTree = "<group>";
		};
		3E5C466F15D89F1A00D540BF /* models */ = {
			isa = PBXGroup;
			children = (
				3EB39E4015D76918003E538C /* TumblrAPI.h */,
				3EB39E4115D76918003E538C /* TumblrAPI.m */,
				3E5C467515D8A70500D540BF /* Blog.h */,
				3E5C467615D8A70500D540BF /* Blog.m */,
				3E0D71BB15D74D590042C074 /* listenr.xcdatamodeld */,
				3E5FD1AA15D8E8C10072A3B4 /* Song.h */,
				3E5FD1AB15D8E8C10072A3B4 /* Song.m */,
			);
			name = models;
			sourceTree = "<group>";
		};
		3EB39E5115D78461003E538C /* resources */ = {
			isa = PBXGroup;
			children = (
				3EB39E5315D784A7003E538C /* default_avatar.png */,
				3EB39E5415D784A7003E538C /* default_avatar@2x.png */,
			);
			name = resources;
			sourceTree = "<group>";
		};
/* End PBXGroup section */

/* Begin PBXHeadersBuildPhase section */
		3EB39E4615D76B0A003E538C /* Headers */ = {
			isa = PBXHeadersBuildPhase;
			buildActionMask = 2147483647;
			files = (
				3EB39E4715D76B12003E538C /* Secrets.h in Headers */,
				3E5C467315D8A48E00D540BF /* NSManagedObjectContext+Additions.h in Headers */,
				3E5C467715D8A70500D540BF /* Blog.h in Headers */,
				3E5FD1A515D8E3770072A3B4 /* AddBlogVC.h in Headers */,
				3E5FD1A815D8E48F0072A3B4 /* SongsVC.h in Headers */,
				3E5FD1AC15D8E8C10072A3B4 /* Song.h in Headers */,
			);
			runOnlyForDeploymentPostprocessing = 0;
		};
/* End PBXHeadersBuildPhase section */

/* Begin PBXNativeTarget section */
		3E0D71A215D74D590042C074 /* listenr */ = {
			isa = PBXNativeTarget;
			buildConfigurationList = 3E0D71C015D74D590042C074 /* Build configuration list for PBXNativeTarget "listenr" */;
			buildPhases = (
				3EB39E4615D76B0A003E538C /* Headers */,
				3E0D719F15D74D590042C074 /* Sources */,
				3E0D71A015D74D590042C074 /* Frameworks */,
				3E0D71A115D74D590042C074 /* Resources */,
				87B12E465E334104A286FCD1 /* Copy Pods Resources */,
			);
			buildRules = (
			);
			dependencies = (
			);
			name = listenr;
			productName = listenr;
			productReference = 3E0D71A315D74D590042C074 /* listenr.app */;
			productType = "com.apple.product-type.application";
		};
/* End PBXNativeTarget section */

/* Begin PBXProject section */
		3E0D719A15D74D590042C074 /* Project object */ = {
			isa = PBXProject;
			attributes = {
				LastUpgradeCheck = 0440;
				ORGANIZATIONNAME = Unidextrous;
			};
			buildConfigurationList = 3E0D719D15D74D590042C074 /* Build configuration list for PBXProject "listenr" */;
			compatibilityVersion = "Xcode 3.2";
			developmentRegion = English;
			hasScannedForEncodings = 0;
			knownRegions = (
				en,
			);
			mainGroup = 3E0D719815D74D590042C074;
			productRefGroup = 3E0D71A415D74D590042C074 /* Products */;
			projectDirPath = "";
			projectRoot = "";
			targets = (
				3E0D71A215D74D590042C074 /* listenr */,
			);
		};
/* End PBXProject section */

/* Begin PBXResourcesBuildPhase section */
		3E0D71A115D74D590042C074 /* Resources */ = {
			isa = PBXResourcesBuildPhase;
			buildActionMask = 2147483647;
			files = (
				3E0D71B415D74D590042C074 /* InfoPlist.strings in Resources */,
				3EB39E5515D784A7003E538C /* default_avatar.png in Resources */,
				3EB39E5615D784A7003E538C /* default_avatar@2x.png in Resources */,
			);
			runOnlyForDeploymentPostprocessing = 0;
		};
/* End PBXResourcesBuildPhase section */

/* Begin PBXShellScriptBuildPhase section */
		87B12E465E334104A286FCD1 /* Copy Pods Resources */ = {
			isa = PBXShellScriptBuildPhase;
			buildActionMask = 2147483647;
			files = (
			);
			inputPaths = (
			);
			name = "Copy Pods Resources";
			outputPaths = (
			);
			runOnlyForDeploymentPostprocessing = 0;
			shellPath = /bin/sh;
			shellScript = "\"${SRCROOT}/Pods/Pods-resources.sh\"\n";
		};
/* End PBXShellScriptBuildPhase section */

/* Begin PBXSourcesBuildPhase section */
		3E0D719F15D74D590042C074 /* Sources */ = {
			isa = PBXSourcesBuildPhase;
			buildActionMask = 2147483647;
			files = (
				3E0D71B615D74D590042C074 /* main.m in Sources */,
				3E0D71BA15D74D590042C074 /* AppDelegate.m in Sources */,
				3E0D71BD15D74D590042C074 /* listenr.xcdatamodeld in Sources */,
				3E58FB0C15D7500900833D98 /* HomeVC.m in Sources */,
				3E58FB1015D7501900833D98 /* Theme.m in Sources */,
				3EB39E3C15D764B0003E538C /* UIColor+Additions.m in Sources */,
				3EB39E4915D76C37003E538C /* TumblrAPI.m in Sources */,
				3EB39EBA15D86DF9003E538C /* AddBlogVC.m in Sources */,
				3E5C467415D8A48E00D540BF /* NSManagedObjectContext+Additions.m in Sources */,
				3E5C467815D8A70500D540BF /* Blog.m in Sources */,
				3E5FD1A915D8E48F0072A3B4 /* SongsVC.m in Sources */,
				3E5FD1AD15D8E8C10072A3B4 /* Song.m in Sources */,
			);
			runOnlyForDeploymentPostprocessing = 0;
		};
/* End PBXSourcesBuildPhase section */

/* Begin PBXVariantGroup section */
		3E0D71B215D74D590042C074 /* InfoPlist.strings */ = {
			isa = PBXVariantGroup;
			children = (
				3E0D71B315D74D590042C074 /* en */,
			);
			name = InfoPlist.strings;
			sourceTree = "<group>";
		};
/* End PBXVariantGroup section */

/* Begin XCBuildConfiguration section */
		3E0D71BE15D74D590042C074 /* Debug */ = {
			isa = XCBuildConfiguration;
			buildSettings = {
				ALWAYS_SEARCH_USER_PATHS = NO;
				ARCHS = "$(ARCHS_STANDARD_32_BIT)";
				CLANG_CXX_LANGUAGE_STANDARD = "gnu++0x";
				CLANG_ENABLE_OBJC_ARC = YES;
				CLANG_WARN__DUPLICATE_METHOD_MATCH = YES;
				"CODE_SIGN_IDENTITY[sdk=iphoneos*]" = "iPhone Developer";
				COPY_PHASE_STRIP = NO;
				GCC_C_LANGUAGE_STANDARD = gnu99;
				GCC_DYNAMIC_NO_PIC = NO;
				GCC_OPTIMIZATION_LEVEL = 0;
				GCC_PREPROCESSOR_DEFINITIONS = (
					"DEBUG=1",
					"$(inherited)",
				);
				GCC_SYMBOLS_PRIVATE_EXTERN = NO;
				GCC_VERSION = com.apple.compilers.llvm.clang.1_0;
				GCC_WARN_ABOUT_RETURN_TYPE = YES;
				GCC_WARN_UNINITIALIZED_AUTOS = YES;
				GCC_WARN_UNUSED_VARIABLE = YES;
				IPHONEOS_DEPLOYMENT_TARGET = 6.0;
				SDKROOT = iphoneos;
			};
			name = Debug;
		};
		3E0D71BF15D74D590042C074 /* Release */ = {
			isa = XCBuildConfiguration;
			buildSettings = {
				ALWAYS_SEARCH_USER_PATHS = NO;
				ARCHS = "$(ARCHS_STANDARD_32_BIT)";
				CLANG_CXX_LANGUAGE_STANDARD = "gnu++0x";
				CLANG_ENABLE_OBJC_ARC = YES;
				CLANG_WARN__DUPLICATE_METHOD_MATCH = YES;
				"CODE_SIGN_IDENTITY[sdk=iphoneos*]" = "iPhone Developer";
				COPY_PHASE_STRIP = YES;
				GCC_C_LANGUAGE_STANDARD = gnu99;
				GCC_VERSION = com.apple.compilers.llvm.clang.1_0;
				GCC_WARN_ABOUT_RETURN_TYPE = YES;
				GCC_WARN_UNINITIALIZED_AUTOS = YES;
				GCC_WARN_UNUSED_VARIABLE = YES;
				IPHONEOS_DEPLOYMENT_TARGET = 6.0;
				OTHER_CFLAGS = "-DNS_BLOCK_ASSERTIONS=1";
				SDKROOT = iphoneos;
				VALIDATE_PRODUCT = YES;
			};
			name = Release;
		};
		3E0D71C115D74D590042C074 /* Debug */ = {
			isa = XCBuildConfiguration;
			baseConfigurationReference = 044DDE39870643FE94D30791 /* Pods.xcconfig */;
			buildSettings = {
				GCC_PRECOMPILE_PREFIX_HEADER = YES;
				GCC_PREFIX_HEADER = "listenr/listenr-Prefix.pch";
				INFOPLIST_FILE = "listenr/listenr-Info.plist";
				IPHONEOS_DEPLOYMENT_TARGET = 6.0;
				PRODUCT_NAME = "$(TARGET_NAME)";
				WRAPPER_EXTENSION = app;
			};
			name = Debug;
		};
		3E0D71C215D74D590042C074 /* Release */ = {
			isa = XCBuildConfiguration;
			baseConfigurationReference = 044DDE39870643FE94D30791 /* Pods.xcconfig */;
			buildSettings = {
				GCC_PRECOMPILE_PREFIX_HEADER = YES;
				GCC_PREFIX_HEADER = "listenr/listenr-Prefix.pch";
				INFOPLIST_FILE = "listenr/listenr-Info.plist";
				IPHONEOS_DEPLOYMENT_TARGET = 6.0;
				PRODUCT_NAME = "$(TARGET_NAME)";
				WRAPPER_EXTENSION = app;
			};
			name = Release;
		};
/* End XCBuildConfiguration section */

/* Begin XCConfigurationList section */
		3E0D719D15D74D590042C074 /* Build configuration list for PBXProject "listenr" */ = {
			isa = XCConfigurationList;
			buildConfigurations = (
				3E0D71BE15D74D590042C074 /* Debug */,
				3E0D71BF15D74D590042C074 /* Release */,
			);
			defaultConfigurationIsVisible = 0;
			defaultConfigurationName = Release;
		};
		3E0D71C015D74D590042C074 /* Build configuration list for PBXNativeTarget "listenr" */ = {
			isa = XCConfigurationList;
			buildConfigurations = (
				3E0D71C115D74D590042C074 /* Debug */,
				3E0D71C215D74D590042C074 /* Release */,
			);
			defaultConfigurationIsVisible = 0;
			defaultConfigurationName = Release;
		};
/* End XCConfigurationList section */

/* Begin XCVersionGroup section */
		3E0D71BB15D74D590042C074 /* listenr.xcdatamodeld */ = {
			isa = XCVersionGroup;
			children = (
				3E0D71BC15D74D590042C074 /* listenr.xcdatamodel */,
			);
			currentVersion = 3E0D71BC15D74D590042C074 /* listenr.xcdatamodel */;
			path = listenr.xcdatamodeld;
			sourceTree = "<group>";
			versionGroupType = wrapper.xcdatamodel;
		};
/* End XCVersionGroup section */
	};
	rootObject = 3E0D719A15D74D590042C074 /* Project object */;
}
